Microsoft Visual Studio Solution File, Format Version 12.00
# Visual Studio Version 17
VisualStudioVersion = 17.5.2.0
MinimumVisualStudioVersion = 10.0.40219.1
Project("{FAE04EC0-301F-11D3-BF4B-00C04F79EFBC}") = "charts_app", "charts_app.csproj", "{BDB01CAB-4173-0B7C-2106-58F701234759}"
EndProject
Global
	GlobalSection(SolutionConfigurationPlatforms) = preSolution
		Debug|Any CPU = Debug|Any CPU
		Release|Any CPU = Release|Any CPU
	EndGlobalSection
	GlobalSection(ProjectConfigurationPlatforms) = postSolution
		{BDB01CAB-4173-0B7C-2106-58F701234759}.Debug|Any CPU.ActiveCfg = Debug|Any CPU
		{BDB01CAB-4173-0B7C-2106-58F701234759}.Debug|Any CPU.Build.0 = Debug|Any CPU
		{BDB01CAB-4173-0B7C-2106-58F701234759}.Release|Any CPU.ActiveCfg = Release|Any CPU
		{BDB01CAB-4173-0B7C-2106-58F701234759}.Release|Any CPU.Build.0 = Release|Any CPU
	EndGlobalSection
	GlobalSection(SolutionProperties) = preSolution
		HideSolutionNode = FALSE
	EndGlobalSection
	GlobalSection(ExtensibilityGlobals) = postSolution
		SolutionGuid = {5D7F5D2E-D415-4F9F-91E0-C9D29405A539}
	EndGlobalSection
EndGlobal
